{
  "name": "grid",
  "version": "1.0.0",
  "lockfileVersion": 3,
  "requires": true,
  "packages": {
    "": {
      "name": "grid",
      "version": "1.0.0",
      "license": "ISC",
      "dependencies": {
        "typescript": "^5.5.2"
      },
      "devDependencies": {
        "@webgpu/types": "^0.1.43"
      }
    },
    "node_modules/@webgpu/types": {
      "version": "0.1.43",
      "resolved": "https://registry.npmjs.org/@webgpu/types/-/types-0.1.43.tgz",
      "integrity": "sha512-HoP+d+m+Kuq8CsE63BZ3+BYBKAemrqbHUNrCalxrUju5XW+q/094Q3oeIa+2pTraEbO8ckJmGpibzyGT4OV4YQ==",
      "dev": true,
      "license": "BSD-3-Clause"
    },
    "node_modules/typescript": {
      "version": "5.5.2",
      "resolved": "https://registry.npmjs.org/typescript/-/typescript-5.5.2.tgz",
      "integrity": "sha512-NcRtPEOsPFFWjobJEtfihkLCZCXZt/os3zf8nTxjVH3RvTSxjrCamJpbExGvYOF+tFHc3pA65qpdwPbzjohhew==",
      "license": "Apache-2.0",
      "bin": {
        "tsc": "bin/tsc",
        "tsserver": "bin/tsserver"
      },
      "engines": {
        "node": ">=14.17"
      }
    }
  }
}
